// !$*UTF8*$!
{
	archiveVersion = 1;
	classes = {
	};
	objectVersion = 50;
	objects = {

/* Begin PBXBuildFile section */
		4E45A01B255CECCA009514EE /* SportsTableViewController.swift in Sources */ = {isa = PBXBuildFile; fileRef = 4E45A01A255CECCA009514EE /* SportsTableViewController.swift */; };
		4E45A01D255CECF0009514EE /* SportsTableViewCell.swift in Sources */ = {isa = PBXBuildFile; fileRef = 4E45A01C255CECF0009514EE /* SportsTableViewCell.swift */; };
		4EEA199C255CC4E4005990B2 /* AppDelegate.swift in Sources */ = {isa = PBXBuildFile; fileRef = 4EEA199B255CC4E4005990B2 /* AppDelegate.swift */; };
		4EEA199E255CC4E4005990B2 /* SceneDelegate.swift in Sources */ = {isa = PBXBuildFile; fileRef = 4EEA199D255CC4E4005990B2 /* SceneDelegate.swift */; };
		4EEA19A3255CC4E4005990B2 /* Main.storyboard in Resources */ = {isa = PBXBuildFile; fileRef = 4EEA19A1255CC4E4005990B2 /* Main.storyboard */; };
		4EEA19A5255CC4E5005990B2 /* Assets.xcassets in Resources */ = {isa = PBXBuildFile; fileRef = 4EEA19A4255CC4E5005990B2 /* Assets.xcassets */; };
		4EEA19A8255CC4E5005990B2 /* LaunchScreen.storyboard in Resources */ = {isa = PBXBuildFile; fileRef = 4EEA19A6255CC4E5005990B2 /* LaunchScreen.storyboard */; };
		4EEA19B3255CC4E5005990B2 /* midTests.swift in Sources */ = {isa = PBXBuildFile; fileRef = 4EEA19B2255CC4E5005990B2 /* midTests.swift */; };
		4EEA19BE255CC4E5005990B2 /* midUITests.swift in Sources */ = {isa = PBXBuildFile; fileRef = 4EEA19BD255CC4E5005990B2 /* midUITests.swift */; };
/* End PBXBuildFile section */

/* Begin PBXContainerItemProxy section */
		4EEA19AF255CC4E5005990B2 /* PBXContainerItemProxy */ = {
			isa = PBXContainerItemProxy;
			containerPortal = 4EEA1990255CC4E4005990B2 /* Project object */;
			proxyType = 1;
			remoteGlobalIDString = 4EEA1997255CC4E4005990B2;
			remoteInfo = mid;
		};
		4EEA19BA255CC4E5005990B2 /* PBXContainerItemProxy */ = {
			isa = PBXContainerItemProxy;
			containerPortal = 4EEA1990255CC4E4005990B2 /* Project object */;
			proxyType = 1;
			remoteGlobalIDString = 4EEA1997255CC4E4005990B2;
			remoteInfo = mid;
		};
/* End PBXContainerItemProxy section */

/* Begin PBXFileReference section */
		4E45A01A255CECCA009514EE /* SportsTableViewController.swift */ = {isa = PBXFileReference; lastKnownFileType = sourcecode.swift; path = SportsTableViewController.swift; sourceTree = "<group>"; };
		4E45A01C255CECF0009514EE /* SportsTableViewCell.swift */ = {isa = PBXFileReference; lastKnownFileType = sourcecode.swift; path = SportsTableViewCell.swift; sourceTree = "<group>"; };
		4EEA1998255CC4E4005990B2 /* mid.app */ = {isa = PBXFileReference; explicitFileType = wrapper.application; includeInIndex = 0; path = mid.app; sourceTree = BUILT_PRODUCTS_DIR; };
		4EEA199B255CC4E4005990B2 /* AppDelegate.swift */ = {isa = PBXFileReference; lastKnownFileType = sourcecode.swift; path = AppDelegate.swift; sourceTree = "<group>"; };
		4EEA199D255CC4E4005990B2 /* SceneDelegate.swift */ = {isa = PBXFileReference; lastKnownFileType = sourcecode.swift; path = SceneDelegate.swift; sourceTree = "<group>"; };
		4EEA19A2255CC4E4005990B2 /* Base */ = {isa = PBXFileReference; lastKnownFileType = file.storyboard; name = Base; path = Base.lproj/Main.storyboard; sourceTree = "<group>"; };
		4EEA19A4255CC4E5005990B2 /* Assets.xcassets */ = {isa = PBXFileReference; lastKnownFileType = folder.assetcatalog; path = Assets.xcassets; sourceTree = "<group>"; };
		4EEA19A7255CC4E5005990B2 /* Base */ = {isa = PBXFileReference; lastKnownFileType = file.storyboard; name = Base; path = Base.lproj/LaunchScreen.storyboard; sourceTree = "<group>"; };
		4EEA19A9255CC4E5005990B2 /* Info.plist */ = {isa = PBXFileReference; lastKnownFileType = text.plist.xml; path = Info.plist; sourceTree = "<group>"; };
		4EEA19AE255CC4E5005990B2 /* midTests.xctest */ = {isa = PBXFileReference; explicitFileType = wrapper.cfbundle; includeInIndex = 0; path = midTests.xctest; sourceTree = BUILT_PRODUCTS_DIR; };
		4EEA19B2255CC4E5005990B2 /* midTests.swift */ = {isa = PBXFileReference; lastKnownFileType = sourcecode.swift; path = midTests.swift; sourceTree = "<group>"; };
		4EEA19B4255CC4E5005990B2 /* Info.plist */ = {isa = PBXFileReference; lastKnownFileType = text.plist.xml; path = Info.plist; sourceTree = "<group>"; };
		4EEA19B9255CC4E5005990B2 /* midUITests.xctest */ = {isa = PBXFileReference; explicitFileType = wrapper.cfbundle; includeInIndex = 0; path = midUITests.xctest; sourceTree = BUILT_PRODUCTS_DIR; };
		4EEA19BD255CC4E5005990B2 /* midUITests.swift */ = {isa = PBXFileReference; lastKnownFileType = sourcecode.swift; path = midUITests.swift; sourceTree = "<group>"; };
		4EEA19BF255CC4E5005990B2 /* Info.plist */ = {isa = PBXFileReference; lastKnownFileType = text.plist.xml; path = Info.plist; sourceTree = "<group>"; };
/* End PBXFileReference section */

/* Begin PBXFrameworksBuildPhase section */
		4EEA1995255CC4E4005990B2 /* Frameworks */ = {
			isa = PBXFrameworksBuildPhase;
			buildActionMask = 2147483647;
			files = (
			);
			runOnlyForDeploymentPostprocessing = 0;
		};
		4EEA19AB255CC4E5005990B2 /* Frameworks */ = {
			isa = PBXFrameworksBuildPhase;
			buildActionMask = 2147483647;
			files = (
			);
			runOnlyForDeploymentPostprocessing = 0;
		};
		4EEA19B6255CC4E5005990B2 /* Frameworks */ = {
			isa = PBXFrameworksBuildPhase;
			buildActionMask = 2147483647;
			files = (
			);
			runOnlyForDeploymentPostprocessing = 0;
		};
/* End PBXFrameworksBuildPhase section */

/* Begin PBXGroup section */
		4EEA198F255CC4E4005990B2 = {
			isa = PBXGroup;
			children = (
				4EEA199A255CC4E4005990B2 /* mid */,
				4EEA19B1255CC4E5005990B2 /* midTests */,
				4EEA19BC255CC4E5005990B2 /* midUITests */,
				4EEA1999255CC4E4005990B2 /* Products */,
			);
			sourceTree = "<group>";
		};
		4EEA1999255CC4E4005990B2 /* Products */ = {
			isa = PBXGroup;
			children = (
				4EEA1998255CC4E4005990B2 /* mid.app */,
				4EEA19AE255CC4E5005990B2 /* midTests.xctest */,
				4EEA19B9255CC4E5005990B2 /* midUITests.xctest */,
			);
			name = Products;
			sourceTree = "<group>";
		};
		4EEA199A255CC4E4005990B2 /* mid */ = {
			isa = PBXGroup;
			children = (
				4EEA199B255CC4E4005990B2 /* AppDelegate.swift */,
				4EEA199D255CC4E4005990B2 /* SceneDelegate.swift */,
				4EEA19A1255CC4E4005990B2 /* Main.storyboard */,
				4EEA19A4255CC4E5005990B2 /* Assets.xcassets */,
				4EEA19A6255CC4E5005990B2 /* LaunchScreen.storyboard */,
				4EEA19A9255CC4E5005990B2 /* Info.plist */,
				4E45A01A255CECCA009514EE /* SportsTableViewController.swift */,
				4E45A01C255CECF0009514EE /* SportsTableViewCell.swift */,
			);
			path = mid;
			sourceTree = "<group>";
		};
		4EEA19B1255CC4E5005990B2 /* midTests */ = {
			isa = PBXGroup;
			children = (
				4EEA19B2255CC4E5005990B2 /* midTests.swift */,
				4EEA19B4255CC4E5005990B2 /* Info.plist */,
			);
			path = midTests;
			sourceTree = "<group>";
		};
		4EEA19BC255CC4E5005990B2 /* midUITests */ = {
			isa = PBXGroup;
			children = (
				4EEA19BD255CC4E5005990B2 /* midUITests.swift */,
				4EEA19BF255CC4E5005990B2 /* Info.plist */,
			);
			path = midUITests;
			sourceTree = "<group>";
		};
/* End PBXGroup section */

/* Begin PBXNativeTarget section */
		4EEA1997255CC4E4005990B2 /* mid */ = {
			isa = PBXNativeTarget;
			buildConfigurationList = 4EEA19C2255CC4E5005990B2 /* Build configuration list for PBXNativeTarget "mid" */;
			buildPhases = (
				4EEA1994255CC4E4005990B2 /* Sources */,
				4EEA1995255CC4E4005990B2 /* Frameworks */,
				4EEA1996255CC4E4005990B2 /* Resources */,
			);
			buildRules = (
			);
			dependencies = (
			);
			name = mid;
			productName = mid;
			productReference = 4EEA1998255CC4E4005990B2 /* mid.app */;
			productType = "com.apple.product-type.application";
		};
		4EEA19AD255CC4E5005990B2 /* midTests */ = {
			isa = PBXNativeTarget;
			buildConfigurationList = 4EEA19C5255CC4E5005990B2 /* Build configuration list for PBXNativeTarget "midTests" */;
			buildPhases = (
				4EEA19AA255CC4E5005990B2 /* Sources */,
				4EEA19AB255CC4E5005990B2 /* Frameworks */,
				4EEA19AC255CC4E5005990B2 /* Resources */,
			);
			buildRules = (
			);
			dependencies = (
				4EEA19B0255CC4E5005990B2 /* PBXTargetDependency */,
			);
			name = midTests;
			productName = midTests;
			productReference = 4EEA19AE255CC4E5005990B2 /* midTests.xctest */;
			productType = "com.apple.product-type.bundle.unit-test";
		};
		4EEA19B8255CC4E5005990B2 /* midUITests */ = {
			isa = PBXNativeTarget;
			buildConfigurationList = 4EEA19C8255CC4E5005990B2 /* Build configuration list for PBXNativeTarget "midUITests" */;
			buildPhases = (
				4EEA19B5255CC4E5005990B2 /* Sources */,
				4EEA19B6255CC4E5005990B2 /* Frameworks */,
				4EEA19B7255CC4E5005990B2 /* Resources */,
			);
			buildRules = (
			);
			dependencies = (
				4EEA19BB255CC4E5005990B2 /* PBXTargetDependency */,
			);
			name = midUITests;
			productName = midUITests;
			productReference = 4EEA19B9255CC4E5005990B2 /* midUITests.xctest */;
			productType = "com.apple.product-type.bundle.ui-testing";
		};
/* End PBXNativeTarget section */

/* Begin PBXProject section */
		4EEA1990255CC4E4005990B2 /* Project object */ = {
			isa = PBXProject;
			attributes = {
				LastSwiftUpdateCheck = 1130;
				LastUpgradeCheck = 1130;
				ORGANIZATIONNAME = NDHU_CSIE;
				TargetAttributes = {
					4EEA1997255CC4E4005990B2 = {
						CreatedOnToolsVersion = 11.3.1;
					};
					4EEA19AD255CC4E5005990B2 = {
						CreatedOnToolsVersion = 11.3.1;
						TestTargetID = 4EEA1997255CC4E4005990B2;
					};
					4EEA19B8255CC4E5005990B2 = {
						CreatedOnToolsVersion = 11.3.1;
						TestTargetID = 4EEA1997255CC4E4005990B2;
					};
				};
			};
			buildConfigurationList = 4EEA1993255CC4E4005990B2 /* Build configuration list for PBXProject "mid" */;
			compatibilityVersion = "Xcode 9.3";
			developmentRegion = en;
			hasScannedForEncodings = 0;
			knownRegions = (
				en,
				Base,
			);
			mainGroup = 4EEA198F255CC4E4005990B2;
			productRefGroup = 4EEA1999255CC4E4005990B2 /* Products */;
			projectDirPath = "";
			projectRoot = "";
			targets = (
				4EEA1997255CC4E4005990B2 /* mid */,
				4EEA19AD255CC4E5005990B2 /* midTests */,
				4EEA19B8255CC4E5005990B2 /* midUITests */,
			);
		};
/* End PBXProject section */

/* Begin PBXResourcesBuildPhase section */
		4EEA1996255CC4E4005990B2 /* Resources */ = {
			isa = PBXResourcesBuildPhase;
			buildActionMask = 2147483647;
			files = (
				4EEA19A8255CC4E5005990B2 /* LaunchScreen.storyboard in Resources */,
				4EEA19A5255CC4E5005990B2 /* Assets.xcassets in Resources */,
				4EEA19A3255CC4E4005990B2 /* Main.storyboard in Resources */,
			);
			runOnlyForDeploymentPostprocessing = 0;
		};
		4EEA19AC255CC4E5005990B2 /* Resources */ = {
			isa = PBXResourcesBuildPhase;
			buildActionMask = 2147483647;
			files = (
			);
			runOnlyForDeploymentPostprocessing = 0;
		};
		4EEA19B7255CC4E5005990B2 /* Resources */ = {
			isa = PBXResourcesBuildPhase;
			buildActionMask = 2147483647;
			files = (
			);
			runOnlyForDeploymentPostprocessing = 0;
		};
/* End PBXResourcesBuildPhase section */

/* Begin PBXSourcesBuildPhase section */
		4EEA1994255CC4E4005990B2 /* Sources */ = {
			isa = PBXSourcesBuildPhase;
			buildActionMask = 2147483647;
			files = (
				4EEA199C255CC4E4005990B2 /* AppDelegate.swift in Sources */,
				4E45A01B255CECCA009514EE /* SportsTableViewController.swift in Sources */,
				4E45A01D255CECF0009514EE /* SportsTableViewCell.swift in Sources */,
				4EEA199E255CC4E4005990B2 /* SceneDelegate.swift in Sources */,
			);
			runOnlyForDeploymentPostprocessing = 0;
		};
		4EEA19AA255CC4E5005990B2 /* Sources */ = {
			isa = PBXSourcesBuildPhase;
			buildActionMask = 2147483647;
			files = (
				4EEA19B3255CC4E5005990B2 /* midTests.swift in Sources */,
			);
			runOnlyForDeploymentPostprocessing = 0;
		};
		4EEA19B5255CC4E5005990B2 /* Sources */ = {
			isa = PBXSourcesBuildPhase;
			buildActionMask = 2147483647;
			files = (
				4EEA19BE255CC4E5005990B2 /* midUITests.swift in Sources */,
			);
			runOnlyForDeploymentPostprocessing = 0;
		};
/* End PBXSourcesBuildPhase section */

/* Begin PBXTargetDependency section */
		4EEA19B0255CC4E5005990B2 /* PBXTargetDependency */ = {
			isa = PBXTargetDependency;
			target = 4EEA1997255CC4E4005990B2 /* mid */;
			targetProxy = 4EEA19AF255CC4E5005990B2 /* PBXContainerItemProxy */;
		};
		4EEA19BB255CC4E5005990B2 /* PBXTargetDependency */ = {
			isa = PBXTargetDependency;
			target = 4EEA1997255CC4E4005990B2 /* mid */;
			targetProxy = 4EEA19BA255CC4E5005990B2 /* PBXContainerItemProxy */;
		};
/* End PBXTargetDependency section */

/* Begin PBXVariantGroup section */
		4EEA19A1255CC4E4005990B2 /* Main.storyboard */ = {
			isa = PBXVariantGroup;
			children = (
				4EEA19A2255CC4E4005990B2 /* Base */,
			);
			name = Main.storyboard;
			sourceTree = "<group>";
		};
		4EEA19A6255CC4E5005990B2 /* LaunchScreen.storyboard */ = {
			isa = PBXVariantGroup;
			children = (
				4EEA19A7255CC4E5005990B2 /* Base */,
			);
			name = LaunchScreen.storyboard;
			sourceTree = "<group>";
		};
/* End PBXVariantGroup section */

/* Begin XCBuildConfiguration section */
		4EEA19C0255CC4E5005990B2 /* Debug */ = {
			isa = XCBuildConfiguration;
			buildSettings = {
				ALWAYS_SEARCH_USER_PATHS = NO;
				CLANG_ANALYZER_NONNULL = YES;
				CLANG_ANALYZER_NUMBER_OBJECT_CONVERSION = YES_AGGRESSIVE;
				CLANG_CXX_LANGUAGE_STANDARD = "gnu++14";
				CLANG_CXX_LIBRARY = "libc++";
				CLANG_ENABLE_MODULES = YES;
				CLANG_ENABLE_OBJC_ARC = YES;
				CLANG_ENABLE_OBJC_WEAK = YES;
				CLANG_WARN_BLOCK_CAPTURE_AUTORELEASING = YES;
				CLANG_WARN_BOOL_CONVERSION = YES;
				CLANG_WARN_COMMA = YES;
				CLANG_WARN_CONSTANT_CONVERSION = YES;
				CLANG_WARN_DEPRECATED_OBJC_IMPLEMENTATIONS = YES;
				CLANG_WARN_DIRECT_OBJC_ISA_USAGE = YES_ERROR;
				CLANG_WARN_DOCUMENTATION_COMMENTS = YES;
				CLANG_WARN_EMPTY_BODY = YES;
				CLANG_WARN_ENUM_CONVERSION = YES;
				CLANG_WARN_INFINITE_RECURSION = YES;
				CLANG_WARN_INT_CONVERSION = YES;
				CLANG_WARN_NON_LITERAL_NULL_CONVERSION = YES;
				CLANG_WARN_OBJC_IMPLICIT_RETAIN_SELF = YES;
				CLANG_WARN_OBJC_LITERAL_CONVERSION = YES;
				CLANG_WARN_OBJC_ROOT_CLASS = YES_ERROR;
				CLANG_WARN_RANGE_LOOP_ANALYSIS = YES;
				CLANG_WARN_STRICT_PROTOTYPES = YES;
				CLANG_WARN_SUSPICIOUS_MOVE = YES;
				CLANG_WARN_UNGUARDED_AVAILABILITY = YES_AGGRESSIVE;
				CLANG_WARN_UNREACHABLE_CODE = YES;
				CLANG_WARN__DUPLICATE_METHOD_MATCH = YES;
				COPY_PHASE_STRIP = NO;
				DEBUG_INFORMATION_FORMAT = dwarf;
				ENABLE_STRICT_OBJC_MSGSEND = YES;
				ENABLE_TESTABILITY = YES;
				GCC_C_LANGUAGE_STANDARD = gnu11;
				GCC_DYNAMIC_NO_PIC = NO;
				GCC_NO_COMMON_BLOCKS = YES;
				GCC_OPTIMIZATION_LEVEL = 0;
				GCC_PREPROCESSOR_DEFINITIONS = (
					"DEBUG=1",
					"$(inherited)",
				);
				GCC_WARN_64_TO_32_BIT_CONVERSION = YES;
				GCC_WARN_ABOUT_RETURN_TYPE = YES_ERROR;
				GCC_WARN_UNDECLARED_SELECTOR = YES;
				GCC_WARN_UNINITIALIZED_AUTOS = YES_AGGRESSIVE;
				GCC_WARN_UNUSED_FUNCTION = YES;
				GCC_WARN_UNUSED_VARIABLE = YES;
				IPHONEOS_DEPLOYMENT_TARGET = 13.2;
				MTL_ENABLE_DEBUG_INFO = INCLUDE_SOURCE;
				MTL_FAST_MATH = YES;
				ONLY_ACTIVE_ARCH = YES;
				SDKROOT = iphoneos;
				SWIFT_ACTIVE_COMPILATION_CONDITIONS = DEBUG;
				SWIFT_OPTIMIZATION_LEVEL = "-Onone";
			};
			name = Debug;
		};
		4EEA19C1255CC4E5005990B2 /* Release */ = {
			isa = XCBuildConfiguration;
			buildSettings = {
				ALWAYS_SEARCH_USER_PATHS = NO;
				CLANG_ANALYZER_NONNULL = YES;
				CLANG_ANALYZER_NUMBER_OBJECT_CONVERSION = YES_AGGRESSIVE;
				CLANG_CXX_LANGUAGE_STANDARD = "gnu++14";
				CLANG_CXX_LIBRARY = "libc++";
				CLANG_ENABLE_MODULES = YES;
				CLANG_ENABLE_OBJC_ARC = YES;
				CLANG_ENABLE_OBJC_WEAK = YES;
				CLANG_WARN_BLOCK_CAPTURE_AUTORELEASING = YES;
				CLANG_WARN_BOOL_CONVERSION = YES;
				CLANG_WARN_COMMA = YES;
				CLANG_WARN_CONSTANT_CONVERSION = YES;
				CLANG_WARN_DEPRECATED_OBJC_IMPLEMENTATIONS = YES;
				CLANG_WARN_DIRECT_OBJC_ISA_USAGE = YES_ERROR;
				CLANG_WARN_DOCUMENTATION_COMMENTS = YES;
				CLANG_WARN_EMPTY_BODY = YES;
				CLANG_WARN_ENUM_CONVERSION = YES;
				CLANG_WARN_INFINITE_RECURSION = YES;
				CLANG_WARN_INT_CONVERSION = YES;
				CLANG_WARN_NON_LITERAL_NULL_CONVERSION = YES;
				CLANG_WARN_OBJC_IMPLICIT_RETAIN_SELF = YES;
				CLANG_WARN_OBJC_LITERAL_CONVERSION = YES;
				CLANG_WARN_OBJC_ROOT_CLASS = YES_ERROR;
				CLANG_WARN_RANGE_LOOP_ANALYSIS = YES;
				CLANG_WARN_STRICT_PROTOTYPES = YES;
				CLANG_WARN_SUSPICIOUS_MOVE = YES;
				CLANG_WARN_UNGUARDED_AVAILABILITY = YES_AGGRESSIVE;
				CLANG_WARN_UNREACHABLE_CODE = YES;
				CLANG_WARN__DUPLICATE_METHOD_MATCH = YES;
				COPY_PHASE_STRIP = NO;
				DEBUG_INFORMATION_FORMAT = "dwarf-with-dsym";
				ENABLE_NS_ASSERTIONS = NO;
				ENABLE_STRICT_OBJC_MSGSEND = YES;
				GCC_C_LANGUAGE_STANDARD = gnu11;
				GCC_NO_COMMON_BLOCKS = YES;
				GCC_WARN_64_TO_32_BIT_CONVERSION = YES;
				GCC_WARN_ABOUT_RETURN_TYPE = YES_ERROR;
				GCC_WARN_UNDECLARED_SELECTOR = YES;
				GCC_WARN_UNINITIALIZED_AUTOS = YES_AGGRESSIVE;
				GCC_WARN_UNUSED_FUNCTION = YES;
				GCC_WARN_UNUSED_VARIABLE = YES;
				IPHONEOS_DEPLOYMENT_TARGET = 13.2;
				MTL_ENABLE_DEBUG_INFO = NO;
				MTL_FAST_MATH = YES;
				SDKROOT = iphoneos;
				SWIFT_COMPILATION_MODE = wholemodule;
				SWIFT_OPTIMIZATION_LEVEL = "-O";
				VALIDATE_PRODUCT = YES;
			};
			name = Release;
		};
		4EEA19C3255CC4E5005990B2 /* Debug */ = {
			isa = XCBuildConfiguration;
			buildSettings = {
				ASSETCATALOG_COMPILER_APPICON_NAME = AppIcon;
				CODE_SIGN_STYLE = Automatic;
				INFOPLIST_FILE = mid/Info.plist;
				LD_RUNPATH_SEARCH_PATHS = (
					"$(inherited)",
					"@executable_path/Frameworks",
				);
				PRODUCT_BUNDLE_IDENTIFIER = "-23.mid";
				PRODUCT_NAME = "$(TARGET_NAME)";
				SWIFT_VERSION = 5.0;
				TARGETED_DEVICE_FAMILY = "1,2";
			};
			name = Debug;
		};
		4EEA19C4255CC4E5005990B2 /* Release */ = {
			isa = XCBuildConfiguration;
			buildSettings = {
				ASSETCATALOG_COMPILER_APPICON_NAME = AppIcon;
				CODE_SIGN_STYLE = Automatic;
				INFOPLIST_FILE = mid/Info.plist;
				LD_RUNPATH_SEARCH_PATHS = (
					"$(inherited)",
					"@executable_path/Frameworks",
				);
				PRODUCT_BUNDLE_IDENTIFIER = "-23.mid";
				PRODUCT_NAME = "$(TARGET_NAME)";
				SWIFT_VERSION = 5.0;
				TARGETED_DEVICE_FAMILY = "1,2";
			};
			name = Release;
		};
		4EEA19C6255CC4E5005990B2 /* Debug */ = {
			isa = XCBuildConfiguration;
			buildSettings = {
				ALWAYS_EMBED_SWIFT_STANDARD_LIBRARIES = YES;
				BUNDLE_LOADER = "$(TEST_HOST)";
				CODE_SIGN_STYLE = Automatic;
				INFOPLIST_FILE = midTests/Info.plist;
				IPHONEOS_DEPLOYMENT_TARGET = 13.2;
				LD_RUNPATH_SEARCH_PATHS = (
					"$(inherited)",
					"@executable_path/Frameworks",
					"@loader_path/Frameworks",
				);
				PRODUCT_BUNDLE_IDENTIFIER = "-23.midTests";
				PRODUCT_NAME = "$(TARGET_NAME)";
				SWIFT_VERSION = 5.0;
				TARGETED_DEVICE_FAMILY = "1,2";
				TEST_HOST = "$(BUILT_PRODUCTS_DIR)/mid.app/mid";
			};
			name = Debug;
		};
		4EEA19C7255CC4E5005990B2 /* Release */ = {
			isa = XCBuildConfiguration;
			buildSettings = {
				ALWAYS_EMBED_SWIFT_STANDARD_LIBRARIES = YES;
				BUNDLE_LOADER = "$(TEST_HOST)";
				CODE_SIGN_STYLE = Automatic;
				INFOPLIST_FILE = midTests/Info.plist;
				IPHONEOS_DEPLOYMENT_TARGET = 13.2;
				LD_RUNPATH_SEARCH_PATHS = (
					"$(inherited)",
					"@executable_path/Frameworks",
					"@loader_path/Frameworks",
				);
				PRODUCT_BUNDLE_IDENTIFIER = "-23.midTests";
				PRODUCT_NAME = "$(TARGET_NAME)";
				SWIFT_VERSION = 5.0;
				TARGETED_DEVICE_FAMILY = "1,2";
				TEST_HOST = "$(BUILT_PRODUCTS_DIR)/mid.app/mid";
			};
			name = Release;
		};
		4EEA19C9255CC4E5005990B2 /* Debug */ = {
			isa = XCBuildConfiguration;
			buildSettings = {
				ALWAYS_EMBED_SWIFT_STANDARD_LIBRARIES = YES;
				CODE_SIGN_STYLE = Automatic;
				INFOPLIST_FILE = midUITests/Info.plist;
				LD_RUNPATH_SEARCH_PATHS = (
					"$(inherited)",
					"@executable_path/Frameworks",
					"@loader_path/Frameworks",
				);
				PRODUCT_BUNDLE_IDENTIFIER = "-23.midUITests";
				PRODUCT_NAME = "$(TARGET_NAME)";
				SWIFT_VERSION = 5.0;
				TARGETED_DEVICE_FAMILY = "1,2";
				TEST_TARGET_NAME = mid;
			};
			name = Debug;
		};
		4EEA19CA255CC4E5005990B2 /* Release */ = {
			isa = XCBuildConfiguration;
			buildSettings = {
				ALWAYS_EMBED_SWIFT_STANDARD_LIBRARIES = YES;
				CODE_SIGN_STYLE = Automatic;
				INFOPLIST_FILE = midUITests/Info.plist;
				LD_RUNPATH_SEARCH_PATHS = (
					"$(inherited)",
					"@executable_path/Frameworks",
					"@loader_path/Frameworks",
				);
				PRODUCT_BUNDLE_IDENTIFIER = "-23.midUITests";
				PRODUCT_NAME = "$(TARGET_NAME)";
				SWIFT_VERSION = 5.0;
				TARGETED_DEVICE_FAMILY = "1,2";
				TEST_TARGET_NAME = mid;
			};
			name = Release;
		};
/* End XCBuildConfiguration section */

/* Begin XCConfigurationList section */
		4EEA1993255CC4E4005990B2 /* Build configuration list for PBXProject "mid" */ = {
			isa = XCConfigurationList;
			buildConfigurations = (
				4EEA19C0255CC4E5005990B2 /* Debug */,
				4EEA19C1255CC4E5005990B2 /* Release */,
			);
			defaultConfigurationIsVisible = 0;
			defaultConfigurationName = Release;
		};
		4EEA19C2255CC4E5005990B2 /* Build configuration list for PBXNativeTarget "mid" */ = {
			isa = XCConfigurationList;
			buildConfigurations = (
				4EEA19C3255CC4E5005990B2 /* Debug */,
				4EEA19C4255CC4E5005990B2 /* Release */,
			);
			defaultConfigurationIsVisible = 0;
			defaultConfigurationName = Release;
		};
		4EEA19C5255CC4E5005990B2 /* Build configuration list for PBXNativeTarget "midTests" */ = {
			isa = XCConfigurationList;
			buildConfigurations = (
				4EEA19C6255CC4E5005990B2 /* Debug */,
				4EEA19C7255CC4E5005990B2 /* Release */,
			);
			defaultConfigurationIsVisible = 0;
			defaultConfigurationName = Release;
		};
		4EEA19C8255CC4E5005990B2 /* Build configuration list for PBXNativeTarget "midUITests" */ = {
			isa = XCConfigurationList;
			buildConfigurations = (
				4EEA19C9255CC4E5005990B2 /* Debug */,
				4EEA19CA255CC4E5005990B2 /* Release */,
			);
			defaultConfigurationIsVisible = 0;
			defaultConfigurationName = Release;
		};
/* End XCConfigurationList section */
	};
	rootObject = 4EEA1990255CC4E4005990B2 /* Project object */;
}
